
Microsoft Visual Studio Solution File, Format Version 12.00
# Visual Studio 14
VisualStudioVersion = 14.0.25420.1
MinimumVisualStudioVersion = 10.0.40219.1
Project("{FAE04EC0-301F-11D3-BF4B-00C04F79EFBC}") = "AzureManager", "AzureTableAndQueueManager\AzureManager\AzureManager.csproj", "{EA71DDAC-94A5-4FC3-9F39-71829125681B}"
EndProject
Project("{FAE04EC0-301F-11D3-BF4B-00C04F79EFBC}") = "AzureManager.UsageApp", "AzureTableAndQueueManager\AzureManager.UsageApp\AzureManager.UsageApp.csproj", "{EA5CABA0-6FAF-47D5-91E6-B07293E76572}"
EndProject
Global
	GlobalSection(SolutionConfigurationPlatforms) = preSolution
		Debug|Any CPU = Debug|Any CPU
		Release|Any CPU = Release|Any CPU
	EndGlobalSection
	GlobalSection(ProjectConfigurationPlatforms) = postSolution
		{EA71DDAC-94A5-4FC3-9F39-71829125681B}.Debug|Any CPU.ActiveCfg = Debug|Any CPU
		{EA71DDAC-94A5-4FC3-9F39-71829125681B}.Debug|Any CPU.Build.0 = Debug|Any CPU
		{EA71DDAC-94A5-4FC3-9F39-71829125681B}.Release|Any CPU.ActiveCfg = Release|Any CPU
		{EA71DDAC-94A5-4FC3-9F39-71829125681B}.Release|Any CPU.Build.0 = Release|Any CPU
		{EA5CABA0-6FAF-47D5-91E6-B07293E76572}.Debug|Any CPU.ActiveCfg = Debug|Any CPU
		{EA5CABA0-6FAF-47D5-91E6-B07293E76572}.Debug|Any CPU.Build.0 = Debug|Any CPU
		{EA5CABA0-6FAF-47D5-91E6-B07293E76572}.Release|Any CPU.ActiveCfg = Release|Any CPU
		{EA5CABA0-6FAF-47D5-91E6-B07293E76572}.Release|Any CPU.Build.0 = Release|Any CPU
	EndGlobalSection
	GlobalSection(SolutionProperties) = preSolution
		HideSolutionNode = FALSE
	EndGlobalSection
EndGlobal
